# This is a Gradle generated file for dependency locking.
# Manual edits can break the build and are not advised.
# This file is expected to be part of source control.
aopalliance:aopalliance:1.0=compileClasspath,integrationCompileClasspath,integrationRuntimeClasspath,p2pTestCompileClasspath,p2pTestRuntimeClasspath,runtimeClasspath,testCompileClasspath,testRuntimeClasspath
com.fasterxml.jackson.core:jackson-annotations:2.12.4=compileClasspath,integrationCompileClasspath,integrationRuntimeClasspath,p2pTestCompileClasspath,p2pTestRuntimeClasspath,runtimeClasspath,testCompileClasspath,testRuntimeClasspath
com.fasterxml.jackson.core:jackson-core:2.12.4=compileClasspath,integrationCompileClasspath,integrationRuntimeClasspath,p2pTestCompileClasspath,p2pTestRuntimeClasspath,runtimeClasspath,testCompileClasspath,testRuntimeClasspath
com.fasterxml.jackson.core:jackson-databind:2.12.4=compileClasspath,integrationCompileClasspath,integrationRuntimeClasspath,p2pTestCompileClasspath,p2pTestRuntimeClasspath,runtimeClasspath,testCompileClasspath,testRuntimeClasspath
com.fasterxml.jackson.dataformat:jackson-dataformat-cbor:2.12.4=compileClasspath,integrationCompileClasspath,integrationRuntimeClasspath,p2pTestCompileClasspath,p2pTestRuntimeClasspath,runtimeClasspath,testCompileClasspath,testRuntimeClasspath
com.fasterxml.jackson.dataformat:jackson-dataformat-yaml:2.12.4=integrationRuntimeClasspath,p2pTestRuntimeClasspath,runtimeClasspath,testRuntimeClasspath
com.fasterxml.jackson.datatype:jackson-datatype-guava:2.12.4=compileClasspath,integrationCompileClasspath,integrationRuntimeClasspath,p2pTestCompileClasspath,p2pTestRuntimeClasspath,runtimeClasspath,testCompileClasspath,testRuntimeClasspath
com.fasterxml.jackson.datatype:jackson-datatype-json-org:2.12.4=compileClasspath,integrationCompileClasspath,integrationRuntimeClasspath,p2pTestCompileClasspath,p2pTestRuntimeClasspath,runtimeClasspath,testCompileClasspath,testRuntimeClasspath
com.fasterxml.jackson:jackson-bom:2.12.4=compileClasspath,integrationCompileClasspath,integrationRuntimeClasspath,p2pTestCompileClasspath,p2pTestRuntimeClasspath,runtimeClasspath,testCompileClasspath,testRuntimeClasspath
com.github.akarnokd:rxjava3-extensions:3.0.1=compileClasspath,integrationCompileClasspath,integrationRuntimeClasspath,p2pTestCompileClasspath,p2pTestRuntimeClasspath,runtimeClasspath,testCompileClasspath,testRuntimeClasspath
com.google.code.findbugs:jsr305:3.0.2=compileClasspath,integrationCompileClasspath,integrationRuntimeClasspath,p2pTestCompileClasspath,p2pTestRuntimeClasspath,runtimeClasspath,spotless865453420,testCompileClasspath,testRuntimeClasspath
com.google.errorprone:error_prone_annotations:2.11.0=compileClasspath,integrationCompileClasspath,integrationRuntimeClasspath,p2pTestCompileClasspath,p2pTestRuntimeClasspath,runtimeClasspath,spotless865453420,testCompileClasspath,testRuntimeClasspath
com.google.googlejavaformat:google-java-format:1.13.0=spotless865453420
com.google.guava:failureaccess:1.0.1=compileClasspath,integrationCompileClasspath,integrationRuntimeClasspath,p2pTestCompileClasspath,p2pTestRuntimeClasspath,runtimeClasspath,spotless865453420,testCompileClasspath,testRuntimeClasspath
com.google.guava:guava:31.1-jre=compileClasspath,integrationCompileClasspath,integrationRuntimeClasspath,p2pTestCompileClasspath,p2pTestRuntimeClasspath,runtimeClasspath,spotless865453420,testCompileClasspath,testRuntimeClasspath
com.google.guava:listenablefuture:9999.0-empty-to-avoid-conflict-with-guava=compileClasspath,integrationCompileClasspath,integrationRuntimeClasspath,p2pTestCompileClasspath,p2pTestRuntimeClasspath,runtimeClasspath,spotless865453420,testCompileClasspath,testRuntimeClasspath
com.google.inject.extensions:guice-assistedinject:5.0.1=integrationRuntimeClasspath,p2pTestRuntimeClasspath,runtimeClasspath,testRuntimeClasspath
com.google.inject.extensions:guice-grapher:5.0.1=integrationRuntimeClasspath,p2pTestRuntimeClasspath,runtimeClasspath,testRuntimeClasspath
com.google.inject:guice:5.0.1=compileClasspath,integrationCompileClasspath,integrationRuntimeClasspath,p2pTestCompileClasspath,p2pTestRuntimeClasspath,runtimeClasspath,testCompileClasspath,testRuntimeClasspath
com.google.j2objc:j2objc-annotations:1.3=compileClasspath,integrationCompileClasspath,integrationRuntimeClasspath,p2pTestCompileClasspath,p2pTestRuntimeClasspath,runtimeClasspath,spotless865453420,testCompileClasspath,testRuntimeClasspath
com.lmax:disruptor:3.4.4=integrationRuntimeClasspath,p2pTestRuntimeClasspath,runtimeClasspath,testRuntimeClasspath
com.sleepycat:je:18.3.12=integrationRuntimeClasspath,p2pTestRuntimeClasspath,runtimeClasspath,testRuntimeClasspath
com.squareup.okhttp3:okhttp:4.12.0=integrationRuntimeClasspath,p2pTestRuntimeClasspath,runtimeClasspath,testRuntimeClasspath
com.squareup.okio:okio-jvm:3.6.0=integrationRuntimeClasspath,p2pTestRuntimeClasspath,runtimeClasspath,testRuntimeClasspath
com.squareup.okio:okio:3.6.0=integrationRuntimeClasspath,p2pTestRuntimeClasspath,runtimeClasspath,testRuntimeClasspath
com.stijndewitt.undertow.cors:undertow-cors-filter:0.4.0=integrationRuntimeClasspath,p2pTestRuntimeClasspath,runtimeClasspath,testRuntimeClasspath
com.typesafe.netty:netty-reactive-streams-http:2.0.4=integrationRuntimeClasspath,p2pTestRuntimeClasspath,runtimeClasspath,testRuntimeClasspath
com.typesafe.netty:netty-reactive-streams:2.0.4=integrationRuntimeClasspath,p2pTestRuntimeClasspath,runtimeClasspath,testRuntimeClasspath
commons-cli:commons-cli:1.4=compileClasspath,integrationCompileClasspath,integrationRuntimeClasspath,p2pTestCompileClasspath,p2pTestRuntimeClasspath,runtimeClasspath,testCompileClasspath,testRuntimeClasspath
commons-codec:commons-codec:1.11=integrationRuntimeClasspath,p2pTestRuntimeClasspath,runtimeClasspath,testRuntimeClasspath
commons-logging:commons-logging:1.2=integrationRuntimeClasspath,p2pTestRuntimeClasspath,runtimeClasspath,testRuntimeClasspath
io.netty:netty-all:4.1.109.Final=compileClasspath,integrationCompileClasspath,integrationRuntimeClasspath,p2pTestCompileClasspath,p2pTestRuntimeClasspath,runtimeClasspath,testCompileClasspath,testRuntimeClasspath
io.netty:netty-buffer:4.1.109.Final=compileClasspath,integrationCompileClasspath,integrationRuntimeClasspath,p2pTestCompileClasspath,p2pTestRuntimeClasspath,runtimeClasspath,testCompileClasspath,testRuntimeClasspath
io.netty:netty-codec-dns:4.1.109.Final=compileClasspath,integrationCompileClasspath,integrationRuntimeClasspath,p2pTestCompileClasspath,p2pTestRuntimeClasspath,runtimeClasspath,testCompileClasspath,testRuntimeClasspath
io.netty:netty-codec-haproxy:4.1.109.Final=compileClasspath,integrationCompileClasspath,integrationRuntimeClasspath,p2pTestCompileClasspath,p2pTestRuntimeClasspath,runtimeClasspath,testCompileClasspath,testRuntimeClasspath
io.netty:netty-codec-http2:4.1.109.Final=compileClasspath,integrationCompileClasspath,integrationRuntimeClasspath,p2pTestCompileClasspath,p2pTestRuntimeClasspath,runtimeClasspath,testCompileClasspath,testRuntimeClasspath
io.netty:netty-codec-http:4.1.109.Final=compileClasspath,integrationCompileClasspath,integrationRuntimeClasspath,p2pTestCompileClasspath,p2pTestRuntimeClasspath,runtimeClasspath,testCompileClasspath,testRuntimeClasspath
io.netty:netty-codec-memcache:4.1.109.Final=compileClasspath,integrationCompileClasspath,integrationRuntimeClasspath,p2pTestCompileClasspath,p2pTestRuntimeClasspath,runtimeClasspath,testCompileClasspath,testRuntimeClasspath
io.netty:netty-codec-mqtt:4.1.109.Final=compileClasspath,integrationCompileClasspath,integrationRuntimeClasspath,p2pTestCompileClasspath,p2pTestRuntimeClasspath,runtimeClasspath,testCompileClasspath,testRuntimeClasspath
io.netty:netty-codec-redis:4.1.109.Final=compileClasspath,integrationCompileClasspath,integrationRuntimeClasspath,p2pTestCompileClasspath,p2pTestRuntimeClasspath,runtimeClasspath,testCompileClasspath,testRuntimeClasspath
io.netty:netty-codec-smtp:4.1.109.Final=compileClasspath,integrationCompileClasspath,integrationRuntimeClasspath,p2pTestCompileClasspath,p2pTestRuntimeClasspath,runtimeClasspath,testCompileClasspath,testRuntimeClasspath
io.netty:netty-codec-socks:4.1.109.Final=compileClasspath,integrationCompileClasspath,integrationRuntimeClasspath,p2pTestCompileClasspath,p2pTestRuntimeClasspath,runtimeClasspath,testCompileClasspath,testRuntimeClasspath
io.netty:netty-codec-stomp:4.1.109.Final=compileClasspath,integrationCompileClasspath,integrationRuntimeClasspath,p2pTestCompileClasspath,p2pTestRuntimeClasspath,runtimeClasspath,testCompileClasspath,testRuntimeClasspath
io.netty:netty-codec-xml:4.1.109.Final=compileClasspath,integrationCompileClasspath,integrationRuntimeClasspath,p2pTestCompileClasspath,p2pTestRuntimeClasspath,runtimeClasspath,testCompileClasspath,testRuntimeClasspath
io.netty:netty-codec:4.1.109.Final=compileClasspath,integrationCompileClasspath,integrationRuntimeClasspath,p2pTestCompileClasspath,p2pTestRuntimeClasspath,runtimeClasspath,testCompileClasspath,testRuntimeClasspath
io.netty:netty-common:4.1.109.Final=compileClasspath,integrationCompileClasspath,integrationRuntimeClasspath,p2pTestCompileClasspath,p2pTestRuntimeClasspath,runtimeClasspath,testCompileClasspath,testRuntimeClasspath
io.netty:netty-handler-proxy:4.1.109.Final=compileClasspath,integrationCompileClasspath,integrationRuntimeClasspath,p2pTestCompileClasspath,p2pTestRuntimeClasspath,runtimeClasspath,testCompileClasspath,testRuntimeClasspath
io.netty:netty-handler-ssl-ocsp:4.1.109.Final=compileClasspath,integrationCompileClasspath,integrationRuntimeClasspath,p2pTestCompileClasspath,p2pTestRuntimeClasspath,runtimeClasspath,testCompileClasspath,testRuntimeClasspath
io.netty:netty-handler:4.1.109.Final=compileClasspath,integrationCompileClasspath,integrationRuntimeClasspath,p2pTestCompileClasspath,p2pTestRuntimeClasspath,runtimeClasspath,testCompileClasspath,testRuntimeClasspath
io.netty:netty-resolver-dns-classes-macos:4.1.109.Final=compileClasspath,integrationCompileClasspath,integrationRuntimeClasspath,p2pTestCompileClasspath,p2pTestRuntimeClasspath,runtimeClasspath,testCompileClasspath,testRuntimeClasspath
io.netty:netty-resolver-dns-native-macos:4.1.109.Final=integrationRuntimeClasspath,p2pTestRuntimeClasspath,runtimeClasspath,testRuntimeClasspath
io.netty:netty-resolver-dns:4.1.109.Final=compileClasspath,integrationCompileClasspath,integrationRuntimeClasspath,p2pTestCompileClasspath,p2pTestRuntimeClasspath,runtimeClasspath,testCompileClasspath,testRuntimeClasspath
io.netty:netty-resolver:4.1.109.Final=compileClasspath,integrationCompileClasspath,integrationRuntimeClasspath,p2pTestCompileClasspath,p2pTestRuntimeClasspath,runtimeClasspath,testCompileClasspath,testRuntimeClasspath
io.netty:netty-transport-classes-epoll:4.1.109.Final=compileClasspath,integrationCompileClasspath,integrationRuntimeClasspath,p2pTestCompileClasspath,p2pTestRuntimeClasspath,runtimeClasspath,testCompileClasspath,testRuntimeClasspath
io.netty:netty-transport-classes-kqueue:4.1.109.Final=compileClasspath,integrationCompileClasspath,integrationRuntimeClasspath,p2pTestCompileClasspath,p2pTestRuntimeClasspath,runtimeClasspath,testCompileClasspath,testRuntimeClasspath
io.netty:netty-transport-native-epoll:4.1.109.Final=integrationRuntimeClasspath,p2pTestRuntimeClasspath,runtimeClasspath,testRuntimeClasspath
io.netty:netty-transport-native-kqueue:4.1.109.Final=integrationRuntimeClasspath,p2pTestRuntimeClasspath,runtimeClasspath,testRuntimeClasspath
io.netty:netty-transport-native-unix-common:4.1.109.Final=compileClasspath,integrationCompileClasspath,integrationRuntimeClasspath,p2pTestCompileClasspath,p2pTestRuntimeClasspath,runtimeClasspath,testCompileClasspath,testRuntimeClasspath
io.netty:netty-transport-rxtx:4.1.109.Final=compileClasspath,integrationCompileClasspath,integrationRuntimeClasspath,p2pTestCompileClasspath,p2pTestRuntimeClasspath,runtimeClasspath,testCompileClasspath,testRuntimeClasspath
io.netty:netty-transport-sctp:4.1.109.Final=compileClasspath,integrationCompileClasspath,integrationRuntimeClasspath,p2pTestCompileClasspath,p2pTestRuntimeClasspath,runtimeClasspath,testCompileClasspath,testRuntimeClasspath
io.netty:netty-transport-udt:4.1.109.Final=compileClasspath,integrationCompileClasspath,integrationRuntimeClasspath,p2pTestCompileClasspath,p2pTestRuntimeClasspath,runtimeClasspath,testCompileClasspath,testRuntimeClasspath
io.netty:netty-transport:4.1.109.Final=compileClasspath,integrationCompileClasspath,integrationRuntimeClasspath,p2pTestCompileClasspath,p2pTestRuntimeClasspath,runtimeClasspath,testCompileClasspath,testRuntimeClasspath
io.prometheus:simpleclient:0.16.0=compileClasspath,integrationCompileClasspath,integrationRuntimeClasspath,p2pTestCompileClasspath,p2pTestRuntimeClasspath,runtimeClasspath,testCompileClasspath,testRuntimeClasspath
io.prometheus:simpleclient_common:0.16.0=compileClasspath,integrationCompileClasspath,integrationRuntimeClasspath,p2pTestCompileClasspath,p2pTestRuntimeClasspath,runtimeClasspath,testCompileClasspath,testRuntimeClasspath
io.prometheus:simpleclient_hotspot:0.16.0=compileClasspath,integrationCompileClasspath,integrationRuntimeClasspath,p2pTestCompileClasspath,p2pTestRuntimeClasspath,runtimeClasspath,testCompileClasspath,testRuntimeClasspath
io.prometheus:simpleclient_tracer_common:0.16.0=compileClasspath,integrationCompileClasspath,integrationRuntimeClasspath,p2pTestCompileClasspath,p2pTestRuntimeClasspath,runtimeClasspath,testCompileClasspath,testRuntimeClasspath
io.prometheus:simpleclient_tracer_otel:0.16.0=compileClasspath,integrationCompileClasspath,integrationRuntimeClasspath,p2pTestCompileClasspath,p2pTestRuntimeClasspath,runtimeClasspath,testCompileClasspath,testRuntimeClasspath
io.prometheus:simpleclient_tracer_otel_agent:0.16.0=compileClasspath,integrationCompileClasspath,integrationRuntimeClasspath,p2pTestCompileClasspath,p2pTestRuntimeClasspath,runtimeClasspath,testCompileClasspath,testRuntimeClasspath
io.reactivex.rxjava3:rxjava:3.0.13=compileClasspath,integrationCompileClasspath,integrationRuntimeClasspath,p2pTestCompileClasspath,p2pTestRuntimeClasspath,runtimeClasspath,testCompileClasspath,testRuntimeClasspath
io.swagger:swagger-annotations:1.5.0=integrationRuntimeClasspath,p2pTestRuntimeClasspath,runtimeClasspath,testRuntimeClasspath
io.undertow:undertow-core:2.2.9.Final=integrationRuntimeClasspath,p2pTestRuntimeClasspath,runtimeClasspath,testRuntimeClasspath
javax.inject:javax.inject:1=compileClasspath,integrationCompileClasspath,integrationRuntimeClasspath,p2pTestCompileClasspath,p2pTestRuntimeClasspath,runtimeClasspath,testCompileClasspath,testRuntimeClasspath
junit:junit:4.13.2=integrationCompileClasspath,integrationRuntimeClasspath,p2pTestCompileClasspath,p2pTestRuntimeClasspath,testCompileClasspath,testRuntimeClasspath
org.apache.httpcomponents:httpclient:4.5.13=integrationRuntimeClasspath,p2pTestRuntimeClasspath,runtimeClasspath,testRuntimeClasspath
org.apache.httpcomponents:httpcore:4.4.13=integrationRuntimeClasspath,p2pTestRuntimeClasspath,runtimeClasspath,testRuntimeClasspath
org.apache.logging.log4j:log4j-api:2.17.1=compileClasspath,integrationCompileClasspath,integrationRuntimeClasspath,p2pTestCompileClasspath,p2pTestRuntimeClasspath,runtimeClasspath,testCompileClasspath,testRuntimeClasspath
org.apache.logging.log4j:log4j-core:2.17.1=compileClasspath,integrationCompileClasspath,integrationRuntimeClasspath,p2pTestCompileClasspath,p2pTestRuntimeClasspath,runtimeClasspath,testCompileClasspath,testRuntimeClasspath
org.assertj:assertj-core:3.20.2=integrationCompileClasspath,integrationRuntimeClasspath,p2pTestCompileClasspath,p2pTestRuntimeClasspath,testCompileClasspath,testRuntimeClasspath
org.awaitility:awaitility:4.1.0=integrationCompileClasspath,integrationRuntimeClasspath,p2pTestCompileClasspath,p2pTestRuntimeClasspath,testCompileClasspath,testRuntimeClasspath
org.bouncycastle:bcpkix-jdk15on:1.70=compileClasspath,integrationCompileClasspath,integrationRuntimeClasspath,p2pTestCompileClasspath,p2pTestRuntimeClasspath,runtimeClasspath,testCompileClasspath,testRuntimeClasspath
org.bouncycastle:bcprov-jdk15on:1.70=compileClasspath,integrationCompileClasspath,integrationRuntimeClasspath,p2pTestCompileClasspath,p2pTestRuntimeClasspath,runtimeClasspath,testCompileClasspath,testRuntimeClasspath
org.bouncycastle:bcutil-jdk15on:1.70=compileClasspath,integrationCompileClasspath,integrationRuntimeClasspath,p2pTestCompileClasspath,p2pTestRuntimeClasspath,runtimeClasspath,testCompileClasspath,testRuntimeClasspath
org.checkerframework:checker-qual:3.12.0=compileClasspath,integrationCompileClasspath,integrationRuntimeClasspath,p2pTestCompileClasspath,p2pTestRuntimeClasspath,runtimeClasspath,spotless865453420,testCompileClasspath,testRuntimeClasspath
org.hamcrest:hamcrest-core:1.3=integrationCompileClasspath,integrationRuntimeClasspath,p2pTestCompileClasspath,p2pTestRuntimeClasspath,testCompileClasspath,testRuntimeClasspath
org.hamcrest:hamcrest:2.1=integrationCompileClasspath,integrationRuntimeClasspath,p2pTestCompileClasspath,p2pTestRuntimeClasspath,testCompileClasspath,testRuntimeClasspath
org.jacoco:org.jacoco.agent:0.8.7=jacocoAgent,jacocoAnt
org.jacoco:org.jacoco.ant:0.8.7=jacocoAnt
org.jacoco:org.jacoco.core:0.8.7=jacocoAnt
org.jacoco:org.jacoco.report:0.8.7=jacocoAnt
org.javassist:javassist:3.26.0-GA=compileClasspath,integrationCompileClasspath,integrationRuntimeClasspath,p2pTestCompileClasspath,p2pTestRuntimeClasspath,runtimeClasspath,testCompileClasspath,testRuntimeClasspath
org.jboss.logging:jboss-logging:3.4.1.Final=integrationRuntimeClasspath,p2pTestRuntimeClasspath,runtimeClasspath,testRuntimeClasspath
org.jboss.threads:jboss-threads:3.1.0.Final=integrationRuntimeClasspath,p2pTestRuntimeClasspath,runtimeClasspath,testRuntimeClasspath
org.jboss.xnio:xnio-api:3.8.4.Final=integrationRuntimeClasspath,p2pTestRuntimeClasspath,runtimeClasspath,testRuntimeClasspath
org.jboss.xnio:xnio-nio:3.8.4.Final=integrationRuntimeClasspath,p2pTestRuntimeClasspath,runtimeClasspath,testRuntimeClasspath
org.jetbrains.kotlin:kotlin-stdlib-common:1.9.10=integrationRuntimeClasspath,p2pTestRuntimeClasspath,runtimeClasspath,testRuntimeClasspath
org.jetbrains.kotlin:kotlin-stdlib-jdk7:1.9.10=integrationRuntimeClasspath,p2pTestRuntimeClasspath,runtimeClasspath,testRuntimeClasspath
org.jetbrains.kotlin:kotlin-stdlib-jdk8:1.9.10=integrationRuntimeClasspath,p2pTestRuntimeClasspath,runtimeClasspath,testRuntimeClasspath
org.jetbrains.kotlin:kotlin-stdlib:1.9.10=integrationRuntimeClasspath,p2pTestRuntimeClasspath,runtimeClasspath,testRuntimeClasspath
org.jetbrains:annotations:13.0=integrationRuntimeClasspath,p2pTestRuntimeClasspath,runtimeClasspath,testRuntimeClasspath
org.json:json:20180813=compileClasspath,integrationCompileClasspath,integrationRuntimeClasspath,p2pTestCompileClasspath,p2pTestRuntimeClasspath,runtimeClasspath,testCompileClasspath,testRuntimeClasspath
org.ow2.asm:asm-analysis:9.1=jacocoAnt
org.ow2.asm:asm-commons:9.1=jacocoAnt
org.ow2.asm:asm-tree:9.1=jacocoAnt
org.ow2.asm:asm:9.1=jacocoAnt
org.reactivestreams:reactive-streams:1.0.3=compileClasspath,integrationCompileClasspath,integrationRuntimeClasspath,p2pTestCompileClasspath,p2pTestRuntimeClasspath,runtimeClasspath,testCompileClasspath,testRuntimeClasspath
org.reflections:reflections:0.9.12=compileClasspath,integrationCompileClasspath,integrationRuntimeClasspath,p2pTestCompileClasspath,p2pTestRuntimeClasspath,runtimeClasspath,testCompileClasspath,testRuntimeClasspath
org.slf4j:slf4j-api:1.7.28=integrationRuntimeClasspath,p2pTestRuntimeClasspath,runtimeClasspath,testRuntimeClasspath
org.wildfly.client:wildfly-client-config:1.0.1.Final=integrationRuntimeClasspath,p2pTestRuntimeClasspath,runtimeClasspath,testRuntimeClasspath
org.wildfly.common:wildfly-common:1.5.2.Final=integrationRuntimeClasspath,p2pTestRuntimeClasspath,runtimeClasspath,testRuntimeClasspath
org.xerial.snappy:snappy-java:1.1.8.4=integrationRuntimeClasspath,p2pTestRuntimeClasspath,runtimeClasspath,testRuntimeClasspath
org.yaml:snakeyaml:1.27=integrationRuntimeClasspath,p2pTestRuntimeClasspath,runtimeClasspath,testRuntimeClasspath
software.amazon.awssdk:annotations:2.16.3=integrationRuntimeClasspath,p2pTestRuntimeClasspath,runtimeClasspath,testRuntimeClasspath
software.amazon.awssdk:apache-client:2.16.3=integrationRuntimeClasspath,p2pTestRuntimeClasspath,runtimeClasspath,testRuntimeClasspath
software.amazon.awssdk:auth:2.16.3=integrationRuntimeClasspath,p2pTestRuntimeClasspath,runtimeClasspath,testRuntimeClasspath
software.amazon.awssdk:aws-core:2.16.3=integrationRuntimeClasspath,p2pTestRuntimeClasspath,runtimeClasspath,testRuntimeClasspath
software.amazon.awssdk:aws-json-protocol:2.16.3=integrationRuntimeClasspath,p2pTestRuntimeClasspath,runtimeClasspath,testRuntimeClasspath
software.amazon.awssdk:http-client-spi:2.16.3=integrationRuntimeClasspath,p2pTestRuntimeClasspath,runtimeClasspath,testRuntimeClasspath
software.amazon.awssdk:metrics-spi:2.16.3=integrationRuntimeClasspath,p2pTestRuntimeClasspath,runtimeClasspath,testRuntimeClasspath
software.amazon.awssdk:netty-nio-client:2.16.3=integrationRuntimeClasspath,p2pTestRuntimeClasspath,runtimeClasspath,testRuntimeClasspath
software.amazon.awssdk:profiles:2.16.3=integrationRuntimeClasspath,p2pTestRuntimeClasspath,runtimeClasspath,testRuntimeClasspath
software.amazon.awssdk:protocol-core:2.16.3=integrationRuntimeClasspath,p2pTestRuntimeClasspath,runtimeClasspath,testRuntimeClasspath
software.amazon.awssdk:regions:2.16.3=integrationRuntimeClasspath,p2pTestRuntimeClasspath,runtimeClasspath,testRuntimeClasspath
software.amazon.awssdk:sdk-core:2.16.3=integrationRuntimeClasspath,p2pTestRuntimeClasspath,runtimeClasspath,testRuntimeClasspath
software.amazon.awssdk:secretsmanager:2.16.3=integrationRuntimeClasspath,p2pTestRuntimeClasspath,runtimeClasspath,testRuntimeClasspath
software.amazon.awssdk:ssm:2.16.3=integrationRuntimeClasspath,p2pTestRuntimeClasspath,runtimeClasspath,testRuntimeClasspath
software.amazon.awssdk:utils:2.16.3=integrationRuntimeClasspath,p2pTestRuntimeClasspath,runtimeClasspath,testRuntimeClasspath
software.amazon.eventstream:eventstream:1.0.1=integrationRuntimeClasspath,p2pTestRuntimeClasspath,runtimeClasspath,testRuntimeClasspath
empty=annotationProcessor,integrationAnnotationProcessor,p2pTestAnnotationProcessor,testAnnotationProcessor
